// !$*UTF8*$!
{
	archiveVersion = 1;
	classes = {
	};
	objectVersion = 56;
	objects = {

/* Begin PBXBuildFile section */
		0C1909452B0B43E400DB1EFF /* DetailsVC.swift in Sources */ = {isa = PBXBuildFile; fileRef = 0C1909442B0B43E400DB1EFF /* DetailsVC.swift */; };
		0C19094B2B166BCF00DB1EFF /* mona-lisa.png in Resources */ = {isa = PBXBuildFile; fileRef = 0C19094A2B166BCF00DB1EFF /* mona-lisa.png */; };
		0C9012112B07D24100952806 /* AppDelegate.swift in Sources */ = {isa = PBXBuildFile; fileRef = 0C9012102B07D24100952806 /* AppDelegate.swift */; };
		0C9012132B07D24100952806 /* SceneDelegate.swift in Sources */ = {isa = PBXBuildFile; fileRef = 0C9012122B07D24100952806 /* SceneDelegate.swift */; };
		0C9012152B07D24100952806 /* ViewController.swift in Sources */ = {isa = PBXBuildFile; fileRef = 0C9012142B07D24100952806 /* ViewController.swift */; };
		0C9012182B07D24100952806 /* Main.storyboard in Resources */ = {isa = PBXBuildFile; fileRef = 0C9012162B07D24100952806 /* Main.storyboard */; };
		0C90121B2B07D24100952806 /* ArtBookProject.xcdatamodeld in Sources */ = {isa = PBXBuildFile; fileRef = 0C9012192B07D24100952806 /* ArtBookProject.xcdatamodeld */; };
		0C90121D2B07D24200952806 /* Assets.xcassets in Resources */ = {isa = PBXBuildFile; fileRef = 0C90121C2B07D24200952806 /* Assets.xcassets */; };
		0C9012202B07D24200952806 /* LaunchScreen.storyboard in Resources */ = {isa = PBXBuildFile; fileRef = 0C90121E2B07D24200952806 /* LaunchScreen.storyboard */; };
		0C90122B2B07D24200952806 /* ArtBookProjectTests.swift in Sources */ = {isa = PBXBuildFile; fileRef = 0C90122A2B07D24200952806 /* ArtBookProjectTests.swift */; };
		0C9012352B07D24200952806 /* ArtBookProjectUITests.swift in Sources */ = {isa = PBXBuildFile; fileRef = 0C9012342B07D24200952806 /* ArtBookProjectUITests.swift */; };
		0C9012372B07D24200952806 /* ArtBookProjectUITestsLaunchTests.swift in Sources */ = {isa = PBXBuildFile; fileRef = 0C9012362B07D24200952806 /* ArtBookProjectUITestsLaunchTests.swift */; };
/* End PBXBuildFile section */

/* Begin PBXContainerItemProxy section */
		0C9012272B07D24200952806 /* PBXContainerItemProxy */ = {
			isa = PBXContainerItemProxy;
			containerPortal = 0C9012052B07D24100952806 /* Project object */;
			proxyType = 1;
			remoteGlobalIDString = 0C90120C2B07D24100952806;
			remoteInfo = ArtBookProject;
		};
		0C9012312B07D24200952806 /* PBXContainerItemProxy */ = {
			isa = PBXContainerItemProxy;
			containerPortal = 0C9012052B07D24100952806 /* Project object */;
			proxyType = 1;
			remoteGlobalIDString = 0C90120C2B07D24100952806;
			remoteInfo = ArtBookProject;
		};
/* End PBXContainerItemProxy section */

/* Begin PBXFileReference section */
		0C1909442B0B43E400DB1EFF /* DetailsVC.swift */ = {isa = PBXFileReference; lastKnownFileType = sourcecode.swift; path = DetailsVC.swift; sourceTree = "<group>"; };
		0C19094A2B166BCF00DB1EFF /* mona-lisa.png */ = {isa = PBXFileReference; lastKnownFileType = image.png; path = "mona-lisa.png"; sourceTree = "<group>"; };
		0C90120D2B07D24100952806 /* ArtBookProject.app */ = {isa = PBXFileReference; explicitFileType = wrapper.application; includeInIndex = 0; path = ArtBookProject.app; sourceTree = BUILT_PRODUCTS_DIR; };
		0C9012102B07D24100952806 /* AppDelegate.swift */ = {isa = PBXFileReference; lastKnownFileType = sourcecode.swift; path = AppDelegate.swift; sourceTree = "<group>"; };
		0C9012122B07D24100952806 /* SceneDelegate.swift */ = {isa = PBXFileReference; lastKnownFileType = sourcecode.swift; path = SceneDelegate.swift; sourceTree = "<group>"; };
		0C9012142B07D24100952806 /* ViewController.swift */ = {isa = PBXFileReference; lastKnownFileType = sourcecode.swift; path = ViewController.swift; sourceTree = "<group>"; };
		0C9012172B07D24100952806 /* Base */ = {isa = PBXFileReference; lastKnownFileType = file.storyboard; name = Base; path = Base.lproj/Main.storyboard; sourceTree = "<group>"; };
		0C90121A2B07D24100952806 /* ArtBookProject.xcdatamodel */ = {isa = PBXFileReference; lastKnownFileType = wrapper.xcdatamodel; path = ArtBookProject.xcdatamodel; sourceTree = "<group>"; };
		0C90121C2B07D24200952806 /* Assets.xcassets */ = {isa = PBXFileReference; lastKnownFileType = folder.assetcatalog; path = Assets.xcassets; sourceTree = "<group>"; };
		0C90121F2B07D24200952806 /* Base */ = {isa = PBXFileReference; lastKnownFileType = file.storyboard; name = Base; path = Base.lproj/LaunchScreen.storyboard; sourceTree = "<group>"; };
		0C9012212B07D24200952806 /* Info.plist */ = {isa = PBXFileReference; lastKnownFileType = text.plist.xml; path = Info.plist; sourceTree = "<group>"; };
		0C9012262B07D24200952806 /* ArtBookProjectTests.xctest */ = {isa = PBXFileReference; explicitFileType = wrapper.cfbundle; includeInIndex = 0; path = ArtBookProjectTests.xctest; sourceTree = BUILT_PRODUCTS_DIR; };
		0C90122A2B07D24200952806 /* ArtBookProjectTests.swift */ = {isa = PBXFileReference; lastKnownFileType = sourcecode.swift; path = ArtBookProjectTests.swift; sourceTree = "<group>"; };
		0C9012302B07D24200952806 /* ArtBookProjectUITests.xctest */ = {isa = PBXFileReference; explicitFileType = wrapper.cfbundle; includeInIndex = 0; path = ArtBookProjectUITests.xctest; sourceTree = BUILT_PRODUCTS_DIR; };
		0C9012342B07D24200952806 /* ArtBookProjectUITests.swift */ = {isa = PBXFileReference; lastKnownFileType = sourcecode.swift; path = ArtBookProjectUITests.swift; sourceTree = "<group>"; };
		0C9012362B07D24200952806 /* ArtBookProjectUITestsLaunchTests.swift */ = {isa = PBXFileReference; lastKnownFileType = sourcecode.swift; path = ArtBookProjectUITestsLaunchTests.swift; sourceTree = "<group>"; };
/* End PBXFileReference section */

/* Begin PBXFrameworksBuildPhase section */
		0C90120A2B07D24100952806 /* Frameworks */ = {
			isa = PBXFrameworksBuildPhase;
			buildActionMask = 2147483647;
			files = (
			);
			runOnlyForDeploymentPostprocessing = 0;
		};
		0C9012232B07D24200952806 /* Frameworks */ = {
			isa = PBXFrameworksBuildPhase;
			buildActionMask = 2147483647;
			files = (
			);
			runOnlyForDeploymentPostprocessing = 0;
		};
		0C90122D2B07D24200952806 /* Frameworks */ = {
			isa = PBXFrameworksBuildPhase;
			buildActionMask = 2147483647;
			files = (
			);
			runOnlyForDeploymentPostprocessing = 0;
		};
/* End PBXFrameworksBuildPhase section */

/* Begin PBXGroup section */
		0C9012042B07D24100952806 = {
			isa = PBXGroup;
			children = (
				0C90120F2B07D24100952806 /* ArtBookProject */,
				0C9012292B07D24200952806 /* ArtBookProjectTests */,
				0C9012332B07D24200952806 /* ArtBookProjectUITests */,
				0C90120E2B07D24100952806 /* Products */,
			);
			sourceTree = "<group>";
		};
		0C90120E2B07D24100952806 /* Products */ = {
			isa = PBXGroup;
			children = (
				0C90120D2B07D24100952806 /* ArtBookProject.app */,
				0C9012262B07D24200952806 /* ArtBookProjectTests.xctest */,
				0C9012302B07D24200952806 /* ArtBookProjectUITests.xctest */,
			);
			name = Products;
			sourceTree = "<group>";
		};
		0C90120F2B07D24100952806 /* ArtBookProject */ = {
			isa = PBXGroup;
			children = (
				0C19094A2B166BCF00DB1EFF /* mona-lisa.png */,
				0C9012102B07D24100952806 /* AppDelegate.swift */,
				0C9012122B07D24100952806 /* SceneDelegate.swift */,
				0C9012142B07D24100952806 /* ViewController.swift */,
				0C1909442B0B43E400DB1EFF /* DetailsVC.swift */,
				0C9012162B07D24100952806 /* Main.storyboard */,
				0C90121C2B07D24200952806 /* Assets.xcassets */,
				0C90121E2B07D24200952806 /* LaunchScreen.storyboard */,
				0C9012212B07D24200952806 /* Info.plist */,
				0C9012192B07D24100952806 /* ArtBookProject.xcdatamodeld */,
			);
			path = ArtBookProject;
			sourceTree = "<group>";
		};
		0C9012292B07D24200952806 /* ArtBookProjectTests */ = {
			isa = PBXGroup;
			children = (
				0C90122A2B07D24200952806 /* ArtBookProjectTests.swift */,
			);
			path = ArtBookProjectTests;
			sourceTree = "<group>";
		};
		0C9012332B07D24200952806 /* ArtBookProjectUITests */ = {
			isa = PBXGroup;
			children = (
				0C9012342B07D24200952806 /* ArtBookProjectUITests.swift */,
				0C9012362B07D24200952806 /* ArtBookProjectUITestsLaunchTests.swift */,
			);
			path = ArtBookProjectUITests;
			sourceTree = "<group>";
		};
/* End PBXGroup section */

/* Begin PBXNativeTarget section */
		0C90120C2B07D24100952806 /* ArtBookProject */ = {
			isa = PBXNativeTarget;
			buildConfigurationList = 0C90123A2B07D24200952806 /* Build configuration list for PBXNativeTarget "ArtBookProject" */;
			buildPhases = (
				0C9012092B07D24100952806 /* Sources */,
				0C90120A2B07D24100952806 /* Frameworks */,
				0C90120B2B07D24100952806 /* Resources */,
			);
			buildRules = (
			);
			dependencies = (
			);
			name = ArtBookProject;
			productName = ArtBookProject;
			productReference = 0C90120D2B07D24100952806 /* ArtBookProject.app */;
			productType = "com.apple.product-type.application";
		};
		0C9012252B07D24200952806 /* ArtBookProjectTests */ = {
			isa = PBXNativeTarget;
			buildConfigurationList = 0C90123D2B07D24200952806 /* Build configuration list for PBXNativeTarget "ArtBookProjectTests" */;
			buildPhases = (
				0C9012222B07D24200952806 /* Sources */,
				0C9012232B07D24200952806 /* Frameworks */,
				0C9012242B07D24200952806 /* Resources */,
			);
			buildRules = (
			);
			dependencies = (
				0C9012282B07D24200952806 /* PBXTargetDependency */,
			);
			name = ArtBookProjectTests;
			productName = ArtBookProjectTests;
			productReference = 0C9012262B07D24200952806 /* ArtBookProjectTests.xctest */;
			productType = "com.apple.product-type.bundle.unit-test";
		};
		0C90122F2B07D24200952806 /* ArtBookProjectUITests */ = {
			isa = PBXNativeTarget;
			buildConfigurationList = 0C9012402B07D24200952806 /* Build configuration list for PBXNativeTarget "ArtBookProjectUITests" */;
			buildPhases = (
				0C90122C2B07D24200952806 /* Sources */,
				0C90122D2B07D24200952806 /* Frameworks */,
				0C90122E2B07D24200952806 /* Resources */,
			);
			buildRules = (
			);
			dependencies = (
				0C9012322B07D24200952806 /* PBXTargetDependency */,
			);
			name = ArtBookProjectUITests;
			productName = ArtBookProjectUITests;
			productReference = 0C9012302B07D24200952806 /* ArtBookProjectUITests.xctest */;
			productType = "com.apple.product-type.bundle.ui-testing";
		};
/* End PBXNativeTarget section */

/* Begin PBXProject section */
		0C9012052B07D24100952806 /* Project object */ = {
			isa = PBXProject;
			attributes = {
				BuildIndependentTargetsInParallel = 1;
				LastSwiftUpdateCheck = 1500;
				LastUpgradeCheck = 1500;
				TargetAttributes = {
					0C90120C2B07D24100952806 = {
						CreatedOnToolsVersion = 15.0.1;
					};
					0C9012252B07D24200952806 = {
						CreatedOnToolsVersion = 15.0.1;
						TestTargetID = 0C90120C2B07D24100952806;
					};
					0C90122F2B07D24200952806 = {
						CreatedOnToolsVersion = 15.0.1;
						TestTargetID = 0C90120C2B07D24100952806;
					};
				};
			};
			buildConfigurationList = 0C9012082B07D24100952806 /* Build configuration list for PBXProject "ArtBookProject" */;
			compatibilityVersion = "Xcode 14.0";
			developmentRegion = en;
			hasScannedForEncodings = 0;
			knownRegions = (
				en,
				Base,
			);
			mainGroup = 0C9012042B07D24100952806;
			productRefGroup = 0C90120E2B07D24100952806 /* Products */;
			projectDirPath = "";
			projectRoot = "";
			targets = (
				0C90120C2B07D24100952806 /* ArtBookProject */,
				0C9012252B07D24200952806 /* ArtBookProjectTests */,
				0C90122F2B07D24200952806 /* ArtBookProjectUITests */,
			);
		};
/* End PBXProject section */

/* Begin PBXResourcesBuildPhase section */
		0C90120B2B07D24100952806 /* Resources */ = {
			isa = PBXResourcesBuildPhase;
			buildActionMask = 2147483647;
			files = (
				0C9012202B07D24200952806 /* LaunchScreen.storyboard in Resources */,
				0C19094B2B166BCF00DB1EFF /* mona-lisa.png in Resources */,
				0C90121D2B07D24200952806 /* Assets.xcassets in Resources */,
				0C9012182B07D24100952806 /* Main.storyboard in Resources */,
			);
			runOnlyForDeploymentPostprocessing = 0;
		};
		0C9012242B07D24200952806 /* Resources */ = {
			isa = PBXResourcesBuildPhase;
			buildActionMask = 2147483647;
			files = (
			);
			runOnlyForDeploymentPostprocessing = 0;
		};
		0C90122E2B07D24200952806 /* Resources */ = {
			isa = PBXResourcesBuildPhase;
			buildActionMask = 2147483647;
			files = (
			);
			runOnlyForDeploymentPostprocessing = 0;
		};
/* End PBXResourcesBuildPhase section */

/* Begin PBXSourcesBuildPhase section */
		0C9012092B07D24100952806 /* Sources */ = {
			isa = PBXSourcesBuildPhase;
			buildActionMask = 2147483647;
			files = (
				0C90121B2B07D24100952806 /* ArtBookProject.xcdatamodeld in Sources */,
				0C9012152B07D24100952806 /* ViewController.swift in Sources */,
				0C9012112B07D24100952806 /* AppDelegate.swift in Sources */,
				0C9012132B07D24100952806 /* SceneDelegate.swift in Sources */,
				0C1909452B0B43E400DB1EFF /* DetailsVC.swift in Sources */,
			);
			runOnlyForDeploymentPostprocessing = 0;
		};
		0C9012222B07D24200952806 /* Sources */ = {
			isa = PBXSourcesBuildPhase;
			buildActionMask = 2147483647;
			files = (
				0C90122B2B07D24200952806 /* ArtBookProjectTests.swift in Sources */,
			);
			runOnlyForDeploymentPostprocessing = 0;
		};
		0C90122C2B07D24200952806 /* Sources */ = {
			isa = PBXSourcesBuildPhase;
			buildActionMask = 2147483647;
			files = (
				0C9012352B07D24200952806 /* ArtBookProjectUITests.swift in Sources */,
				0C9012372B07D24200952806 /* ArtBookProjectUITestsLaunchTests.swift in Sources */,
			);
			runOnlyForDeploymentPostprocessing = 0;
		};
/* End PBXSourcesBuildPhase section */

/* Begin PBXTargetDependency section */
		0C9012282B07D24200952806 /* PBXTargetDependency */ = {
			isa = PBXTargetDependency;
			target = 0C90120C2B07D24100952806 /* ArtBookProject */;
			targetProxy = 0C9012272B07D24200952806 /* PBXContainerItemProxy */;
		};
		0C9012322B07D24200952806 /* PBXTargetDependency */ = {
			isa = PBXTargetDependency;
			target = 0C90120C2B07D24100952806 /* ArtBookProject */;
			targetProxy = 0C9012312B07D24200952806 /* PBXContainerItemProxy */;
		};
/* End PBXTargetDependency section */

/* Begin PBXVariantGroup section */
		0C9012162B07D24100952806 /* Main.storyboard */ = {
			isa = PBXVariantGroup;
			children = (
				0C9012172B07D24100952806 /* Base */,
			);
			name = Main.storyboard;
			sourceTree = "<group>";
		};
		0C90121E2B07D24200952806 /* LaunchScreen.storyboard */ = {
			isa = PBXVariantGroup;
			children = (
				0C90121F2B07D24200952806 /* Base */,
			);
			name = LaunchScreen.storyboard;
			sourceTree = "<group>";
		};
/* End PBXVariantGroup section */

/* Begin XCBuildConfiguration section */
		0C9012382B07D24200952806 /* Debug */ = {
			isa = XCBuildConfiguration;
			buildSettings = {
				ALWAYS_SEARCH_USER_PATHS = NO;
				ASSETCATALOG_COMPILER_GENERATE_SWIFT_ASSET_SYMBOL_EXTENSIONS = YES;
				CLANG_ANALYZER_NONNULL = YES;
				CLANG_ANALYZER_NUMBER_OBJECT_CONVERSION = YES_AGGRESSIVE;
				CLANG_CXX_LANGUAGE_STANDARD = "gnu++20";
				CLANG_ENABLE_MODULES = YES;
				CLANG_ENABLE_OBJC_ARC = YES;
				CLANG_ENABLE_OBJC_WEAK = YES;
				CLANG_WARN_BLOCK_CAPTURE_AUTORELEASING = YES;
				CLANG_WARN_BOOL_CONVERSION = YES;
				CLANG_WARN_COMMA = YES;
				CLANG_WARN_CONSTANT_CONVERSION = YES;
				CLANG_WARN_DEPRECATED_OBJC_IMPLEMENTATIONS = YES;
				CLANG_WARN_DIRECT_OBJC_ISA_USAGE = YES_ERROR;
				CLANG_WARN_DOCUMENTATION_COMMENTS = YES;
				CLANG_WARN_EMPTY_BODY = YES;
				CLANG_WARN_ENUM_CONVERSION = YES;
				CLANG_WARN_INFINITE_RECURSION = YES;
				CLANG_WARN_INT_CONVERSION = YES;
				CLANG_WARN_NON_LITERAL_NULL_CONVERSION = YES;
				CLANG_WARN_OBJC_IMPLICIT_RETAIN_SELF = YES;
				CLANG_WARN_OBJC_LITERAL_CONVERSION = YES;
				CLANG_WARN_OBJC_ROOT_CLASS = YES_ERROR;
				CLANG_WARN_QUOTED_INCLUDE_IN_FRAMEWORK_HEADER = YES;
				CLANG_WARN_RANGE_LOOP_ANALYSIS = YES;
				CLANG_WARN_STRICT_PROTOTYPES = YES;
				CLANG_WARN_SUSPICIOUS_MOVE = YES;
				CLANG_WARN_UNGUARDED_AVAILABILITY = YES_AGGRESSIVE;
				CLANG_WARN_UNREACHABLE_CODE = YES;
				CLANG_WARN__DUPLICATE_METHOD_MATCH = YES;
				COPY_PHASE_STRIP = NO;
				DEBUG_INFORMATION_FORMAT = dwarf;
				ENABLE_STRICT_OBJC_MSGSEND = YES;
				ENABLE_TESTABILITY = YES;
				ENABLE_USER_SCRIPT_SANDBOXING = YES;
				GCC_C_LANGUAGE_STANDARD = gnu17;
				GCC_DYNAMIC_NO_PIC = NO;
				GCC_NO_COMMON_BLOCKS = YES;
				GCC_OPTIMIZATION_LEVEL = 0;
				GCC_PREPROCESSOR_DEFINITIONS = (
					"DEBUG=1",
					"$(inherited)",
				);
				GCC_WARN_64_TO_32_BIT_CONVERSION = YES;
				GCC_WARN_ABOUT_RETURN_TYPE = YES_ERROR;
				GCC_WARN_UNDECLARED_SELECTOR = YES;
				GCC_WARN_UNINITIALIZED_AUTOS = YES_AGGRESSIVE;
				GCC_WARN_UNUSED_FUNCTION = YES;
				GCC_WARN_UNUSED_VARIABLE = YES;
				IPHONEOS_DEPLOYMENT_TARGET = 17.0;
				LOCALIZATION_PREFERS_STRING_CATALOGS = YES;
				MTL_ENABLE_DEBUG_INFO = INCLUDE_SOURCE;
				MTL_FAST_MATH = YES;
				ONLY_ACTIVE_ARCH = YES;
				SDKROOT = iphoneos;
				SWIFT_ACTIVE_COMPILATION_CONDITIONS = "DEBUG $(inherited)";
				SWIFT_OPTIMIZATION_LEVEL = "-Onone";
			};
			name = Debug;
		};
		0C9012392B07D24200952806 /* Release */ = {
			isa = XCBuildConfiguration;
			buildSettings = {
				ALWAYS_SEARCH_USER_PATHS = NO;
				ASSETCATALOG_COMPILER_GENERATE_SWIFT_ASSET_SYMBOL_EXTENSIONS = YES;
				CLANG_ANALYZER_NONNULL = YES;
				CLANG_ANALYZER_NUMBER_OBJECT_CONVERSION = YES_AGGRESSIVE;
				CLANG_CXX_LANGUAGE_STANDARD = "gnu++20";
				CLANG_ENABLE_MODULES = YES;
				CLANG_ENABLE_OBJC_ARC = YES;
				CLANG_ENABLE_OBJC_WEAK = YES;
				CLANG_WARN_BLOCK_CAPTURE_AUTORELEASING = YES;
				CLANG_WARN_BOOL_CONVERSION = YES;
				CLANG_WARN_COMMA = YES;
				CLANG_WARN_CONSTANT_CONVERSION = YES;
				CLANG_WARN_DEPRECATED_OBJC_IMPLEMENTATIONS = YES;
				CLANG_WARN_DIRECT_OBJC_ISA_USAGE = YES_ERROR;
				CLANG_WARN_DOCUMENTATION_COMMENTS = YES;
				CLANG_WARN_EMPTY_BODY = YES;
				CLANG_WARN_ENUM_CONVERSION = YES;
				CLANG_WARN_INFINITE_RECURSION = YES;
				CLANG_WARN_INT_CONVERSION = YES;
				CLANG_WARN_NON_LITERAL_NULL_CONVERSION = YES;
				CLANG_WARN_OBJC_IMPLICIT_RETAIN_SELF = YES;
				CLANG_WARN_OBJC_LITERAL_CONVERSION = YES;
				CLANG_WARN_OBJC_ROOT_CLASS = YES_ERROR;
				CLANG_WARN_QUOTED_INCLUDE_IN_FRAMEWORK_HEADER = YES;
				CLANG_WARN_RANGE_LOOP_ANALYSIS = YES;
				CLANG_WARN_STRICT_PROTOTYPES = YES;
				CLANG_WARN_SUSPICIOUS_MOVE = YES;
				CLANG_WARN_UNGUARDED_AVAILABILITY = YES_AGGRESSIVE;
				CLANG_WARN_UNREACHABLE_CODE = YES;
				CLANG_WARN__DUPLICATE_METHOD_MATCH = YES;
				COPY_PHASE_STRIP = NO;
				DEBUG_INFORMATION_FORMAT = "dwarf-with-dsym";
				ENABLE_NS_ASSERTIONS = NO;
				ENABLE_STRICT_OBJC_MSGSEND = YES;
				ENABLE_USER_SCRIPT_SANDBOXING = YES;
				GCC_C_LANGUAGE_STANDARD = gnu17;
				GCC_NO_COMMON_BLOCKS = YES;
				GCC_WARN_64_TO_32_BIT_CONVERSION = YES;
				GCC_WARN_ABOUT_RETURN_TYPE = YES_ERROR;
				GCC_WARN_UNDECLARED_SELECTOR = YES;
				GCC_WARN_UNINITIALIZED_AUTOS = YES_AGGRESSIVE;
				GCC_WARN_UNUSED_FUNCTION = YES;
				GCC_WARN_UNUSED_VARIABLE = YES;
				IPHONEOS_DEPLOYMENT_TARGET = 17.0;
				LOCALIZATION_PREFERS_STRING_CATALOGS = YES;
				MTL_ENABLE_DEBUG_INFO = NO;
				MTL_FAST_MATH = YES;
				SDKROOT = iphoneos;
				SWIFT_COMPILATION_MODE = wholemodule;
				VALIDATE_PRODUCT = YES;
			};
			name = Release;
		};
		0C90123B2B07D24200952806 /* Debug */ = {
			isa = XCBuildConfiguration;
			buildSettings = {
				ASSETCATALOG_COMPILER_APPICON_NAME = AppIcon;
				ASSETCATALOG_COMPILER_GLOBAL_ACCENT_COLOR_NAME = AccentColor;
				CODE_SIGN_STYLE = Automatic;
				CURRENT_PROJECT_VERSION = 1;
				DEVELOPMENT_TEAM = 7935AUGAK5;
				GENERATE_INFOPLIST_FILE = YES;
				INFOPLIST_FILE = ArtBookProject/Info.plist;
				INFOPLIST_KEY_UIApplicationSupportsIndirectInputEvents = YES;
				INFOPLIST_KEY_UILaunchStoryboardName = LaunchScreen;
				INFOPLIST_KEY_UIMainStoryboardFile = Main;
				INFOPLIST_KEY_UISupportedInterfaceOrientations_iPad = "UIInterfaceOrientationPortrait UIInterfaceOrientationPortraitUpsideDown UIInterfaceOrientationLandscapeLeft UIInterfaceOrientationLandscapeRight";
				INFOPLIST_KEY_UISupportedInterfaceOrientations_iPhone = "UIInterfaceOrientationPortrait UIInterfaceOrientationLandscapeLeft UIInterfaceOrientationLandscapeRight";
				LD_RUNPATH_SEARCH_PATHS = (
					"$(inherited)",
					"@executable_path/Frameworks",
				);
				MARKETING_VERSION = 1.0;
				PRODUCT_BUNDLE_IDENTIFIER = NomadOS.ArtBookProject;
				PRODUCT_NAME = "$(TARGET_NAME)";
				SWIFT_EMIT_LOC_STRINGS = YES;
				SWIFT_VERSION = 5.0;
				TARGETED_DEVICE_FAMILY = "1,2";
			};
			name = Debug;
		};
		0C90123C2B07D24200952806 /* Release */ = {
			isa = XCBuildConfiguration;
			buildSettings = {
				ASSETCATALOG_COMPILER_APPICON_NAME = AppIcon;
				ASSETCATALOG_COMPILER_GLOBAL_ACCENT_COLOR_NAME = AccentColor;
				CODE_SIGN_STYLE = Automatic;
				CURRENT_PROJECT_VERSION = 1;
				DEVELOPMENT_TEAM = 7935AUGAK5;
				GENERATE_INFOPLIST_FILE = YES;
				INFOPLIST_FILE = ArtBookProject/Info.plist;
				INFOPLIST_KEY_UIApplicationSupportsIndirectInputEvents = YES;
				INFOPLIST_KEY_UILaunchStoryboardName = LaunchScreen;
				INFOPLIST_KEY_UIMainStoryboardFile = Main;
				INFOPLIST_KEY_UISupportedInterfaceOrientations_iPad = "UIInterfaceOrientationPortrait UIInterfaceOrientationPortraitUpsideDown UIInterfaceOrientationLandscapeLeft UIInterfaceOrientationLandscapeRight";
				INFOPLIST_KEY_UISupportedInterfaceOrientations_iPhone = "UIInterfaceOrientationPortrait UIInterfaceOrientationLandscapeLeft UIInterfaceOrientationLandscapeRight";
				LD_RUNPATH_SEARCH_PATHS = (
					"$(inherited)",
					"@executable_path/Frameworks",
				);
				MARKETING_VERSION = 1.0;
				PRODUCT_BUNDLE_IDENTIFIER = NomadOS.ArtBookProject;
				PRODUCT_NAME = "$(TARGET_NAME)";
				SWIFT_EMIT_LOC_STRINGS = YES;
				SWIFT_VERSION = 5.0;
				TARGETED_DEVICE_FAMILY = "1,2";
			};
			name = Release;
		};
		0C90123E2B07D24200952806 /* Debug */ = {
			isa = XCBuildConfiguration;
			buildSettings = {
				ALWAYS_EMBED_SWIFT_STANDARD_LIBRARIES = YES;
				BUNDLE_LOADER = "$(TEST_HOST)";
				CODE_SIGN_STYLE = Automatic;
				CURRENT_PROJECT_VERSION = 1;
				DEVELOPMENT_TEAM = 7935AUGAK5;
				GENERATE_INFOPLIST_FILE = YES;
				IPHONEOS_DEPLOYMENT_TARGET = 17.0;
				MARKETING_VERSION = 1.0;
				PRODUCT_BUNDLE_IDENTIFIER = NomadOS.ArtBookProjectTests;
				PRODUCT_NAME = "$(TARGET_NAME)";
				SWIFT_EMIT_LOC_STRINGS = NO;
				SWIFT_VERSION = 5.0;
				TARGETED_DEVICE_FAMILY = "1,2";
				TEST_HOST = "$(BUILT_PRODUCTS_DIR)/ArtBookProject.app/$(BUNDLE_EXECUTABLE_FOLDER_PATH)/ArtBookProject";
			};
			name = Debug;
		};
		0C90123F2B07D24200952806 /* Release */ = {
			isa = XCBuildConfiguration;
			buildSettings = {
				ALWAYS_EMBED_SWIFT_STANDARD_LIBRARIES = YES;
				BUNDLE_LOADER = "$(TEST_HOST)";
				CODE_SIGN_STYLE = Automatic;
				CURRENT_PROJECT_VERSION = 1;
				DEVELOPMENT_TEAM = 7935AUGAK5;
				GENERATE_INFOPLIST_FILE = YES;
				IPHONEOS_DEPLOYMENT_TARGET = 17.0;
				MARKETING_VERSION = 1.0;
				PRODUCT_BUNDLE_IDENTIFIER = NomadOS.ArtBookProjectTests;
				PRODUCT_NAME = "$(TARGET_NAME)";
				SWIFT_EMIT_LOC_STRINGS = NO;
				SWIFT_VERSION = 5.0;
				TARGETED_DEVICE_FAMILY = "1,2";
				TEST_HOST = "$(BUILT_PRODUCTS_DIR)/ArtBookProject.app/$(BUNDLE_EXECUTABLE_FOLDER_PATH)/ArtBookProject";
			};
			name = Release;
		};
		0C9012412B07D24200952806 /* Debug */ = {
			isa = XCBuildConfiguration;
			buildSettings = {
				ALWAYS_EMBED_SWIFT_STANDARD_LIBRARIES = YES;
				CODE_SIGN_STYLE = Automatic;
				CURRENT_PROJECT_VERSION = 1;
				DEVELOPMENT_TEAM = 7935AUGAK5;
				GENERATE_INFOPLIST_FILE = YES;
				MARKETING_VERSION = 1.0;
				PRODUCT_BUNDLE_IDENTIFIER = NomadOS.ArtBookProjectUITests;
				PRODUCT_NAME = "$(TARGET_NAME)";
				SWIFT_EMIT_LOC_STRINGS = NO;
				SWIFT_VERSION = 5.0;
				TARGETED_DEVICE_FAMILY = "1,2";
				TEST_TARGET_NAME = ArtBookProject;
			};
			name = Debug;
		};
		0C9012422B07D24200952806 /* Release */ = {
			isa = XCBuildConfiguration;
			buildSettings = {
				ALWAYS_EMBED_SWIFT_STANDARD_LIBRARIES = YES;
				CODE_SIGN_STYLE = Automatic;
				CURRENT_PROJECT_VERSION = 1;
				DEVELOPMENT_TEAM = 7935AUGAK5;
				GENERATE_INFOPLIST_FILE = YES;
				MARKETING_VERSION = 1.0;
				PRODUCT_BUNDLE_IDENTIFIER = NomadOS.ArtBookProjectUITests;
				PRODUCT_NAME = "$(TARGET_NAME)";
				SWIFT_EMIT_LOC_STRINGS = NO;
				SWIFT_VERSION = 5.0;
				TARGETED_DEVICE_FAMILY = "1,2";
				TEST_TARGET_NAME = ArtBookProject;
			};
			name = Release;
		};
/* End XCBuildConfiguration section */

/* Begin XCConfigurationList section */
		0C9012082B07D24100952806 /* Build configuration list for PBXProject "ArtBookProject" */ = {
			isa = XCConfigurationList;
			buildConfigurations = (
				0C9012382B07D24200952806 /* Debug */,
				0C9012392B07D24200952806 /* Release */,
			);
			defaultConfigurationIsVisible = 0;
			defaultConfigurationName = Release;
		};
		0C90123A2B07D24200952806 /* Build configuration list for PBXNativeTarget "ArtBookProject" */ = {
			isa = XCConfigurationList;
			buildConfigurations = (
				0C90123B2B07D24200952806 /* Debug */,
				0C90123C2B07D24200952806 /* Release */,
			);
			defaultConfigurationIsVisible = 0;
			defaultConfigurationName = Release;
		};
		0C90123D2B07D24200952806 /* Build configuration list for PBXNativeTarget "ArtBookProjectTests" */ = {
			isa = XCConfigurationList;
			buildConfigurations = (
				0C90123E2B07D24200952806 /* Debug */,
				0C90123F2B07D24200952806 /* Release */,
			);
			defaultConfigurationIsVisible = 0;
			defaultConfigurationName = Release;
		};
		0C9012402B07D24200952806 /* Build configuration list for PBXNativeTarget "ArtBookProjectUITests" */ = {
			isa = XCConfigurationList;
			buildConfigurations = (
				0C9012412B07D24200952806 /* Debug */,
				0C9012422B07D24200952806 /* Release */,
			);
			defaultConfigurationIsVisible = 0;
			defaultConfigurationName = Release;
		};
/* End XCConfigurationList section */

/* Begin XCVersionGroup section */
		0C9012192B07D24100952806 /* ArtBookProject.xcdatamodeld */ = {
			isa = XCVersionGroup;
			children = (
				0C90121A2B07D24100952806 /* ArtBookProject.xcdatamodel */,
			);
			currentVersion = 0C90121A2B07D24100952806 /* ArtBookProject.xcdatamodel */;
			path = ArtBookProject.xcdatamodeld;
			sourceTree = "<group>";
			versionGroupType = wrapper.xcdatamodel;
		};
/* End XCVersionGroup section */
	};
	rootObject = 0C9012052B07D24100952806 /* Project object */;
}
